schema: '2.0'
stages:
  data_ingestion:
    cmd: python src/data_ingestion.py
    deps:
    - path: src/data_ingestion.py
      hash: md5
      md5: d563001f9d659de7543dbc0a7bae3917
      size: 3671
    params:
      params.yaml:
        data_ingestion.test_size: 0.25
    outs:
    - path: data/raw
      hash: md5
      md5: 88d82724c73a1f00d449f689df79275d.dir
      size: 484846
      nfiles: 2
  data_preprocessing:
    cmd: python src/data_preprocessing.py
    deps:
    - path: data/raw
      hash: md5
      md5: 88d82724c73a1f00d449f689df79275d.dir
      size: 484846
      nfiles: 2
    - path: src/data_preprocessing.py
      hash: md5
      md5: 0a8e09cd0e734a8e05e23df9d43b5ddd
      size: 3812
    outs:
    - path: data/interim
      hash: md5
      md5: 4316a9bad1e54cfd6336f8394fdd0fdf.dir
      size: 262748
      nfiles: 2
  feature_engineering:
    cmd: python src/feature_engineering.py
    deps:
    - path: data/interim
      hash: md5
      md5: 4316a9bad1e54cfd6336f8394fdd0fdf.dir
      size: 262748
      nfiles: 2
    - path: src/feature_engineering.py
      hash: md5
      md5: cf8448c21ab5f64a81b288de0c331814
      size: 3910
    params:
      params.yaml:
        feature_engineering.max_features: 50
    outs:
    - path: data/processed
      hash: md5
      md5: e784eef6148b5f825d1155c0cf5d2e00.dir
      size: 1189594
      nfiles: 2
  model_building:
    cmd: python src/model_building.py
    deps:
    - path: data/processed
      hash: md5
      md5: e784eef6148b5f825d1155c0cf5d2e00.dir
      size: 1189594
      nfiles: 2
    - path: src/model_building.py
      hash: md5
      md5: f4aea8b9389c4252ddedf29afa9c7195
      size: 4483
    params:
      params.yaml:
        model_building.n_estimators: 30
        model_building.random_state: 42
    outs:
    - path: models/model.pkl
      hash: md5
      md5: 89141124135a70054931fd2b6cf918c6
      size: 1167937
  model_evaluation:
    cmd: python src/model_evaluation.py
    deps:
    - path: models/model.pkl
      hash: md5
      md5: 89141124135a70054931fd2b6cf918c6
      size: 1167937
    - path: src/model_evaluation.py
      hash: md5
      md5: 553abb63c25d201ab4732efe779df04d
      size: 4639
    outs:
    - path: reports/metrics.json
      hash: md5
      md5: ca34501b8cf4d11a93f581bce3ac11c7
      size: 144
